// !$*UTF8*$!
{
	archiveVersion = 1;
	classes = {
	};
	objectVersion = 52;
	objects = {

/* Begin PBXBuildFile section */
		00E6ADB18A20CB04B3977D0C /* Pods_Flix.framework in Frameworks */ = {isa = PBXBuildFile; fileRef = 0A1BE8AF7148108E6BF2692F /* Pods_Flix.framework */; };
		1738BF7B739A31F6645AC6BB /* Pods_FlixTests.framework in Frameworks */ = {isa = PBXBuildFile; fileRef = 6D224ABE0AEDBA1A55C85159 /* Pods_FlixTests.framework */; };
		27E3D49AF4E7D50F808EE92B /* Pods_Flix_FlixUITests.framework in Frameworks */ = {isa = PBXBuildFile; fileRef = C3AF7F8249B37790D81EF635 /* Pods_Flix_FlixUITests.framework */; };
		BF4109EB26FFDFC500243ADD /* AppDelegate.swift in Sources */ = {isa = PBXBuildFile; fileRef = BF4109EA26FFDFC500243ADD /* AppDelegate.swift */; };
		BF4109ED26FFDFC500243ADD /* SceneDelegate.swift in Sources */ = {isa = PBXBuildFile; fileRef = BF4109EC26FFDFC500243ADD /* SceneDelegate.swift */; };
		BF4109EF26FFDFC500243ADD /* ViewController.swift in Sources */ = {isa = PBXBuildFile; fileRef = BF4109EE26FFDFC500243ADD /* ViewController.swift */; };
		BF4109F226FFDFC500243ADD /* Main.storyboard in Resources */ = {isa = PBXBuildFile; fileRef = BF4109F026FFDFC500243ADD /* Main.storyboard */; };
		BF4109F426FFDFCB00243ADD /* Assets.xcassets in Resources */ = {isa = PBXBuildFile; fileRef = BF4109F326FFDFCB00243ADD /* Assets.xcassets */; };
		BF4109F726FFDFCB00243ADD /* LaunchScreen.storyboard in Resources */ = {isa = PBXBuildFile; fileRef = BF4109F526FFDFCB00243ADD /* LaunchScreen.storyboard */; };
		BF410A0226FFDFCB00243ADD /* FlixTests.swift in Sources */ = {isa = PBXBuildFile; fileRef = BF410A0126FFDFCB00243ADD /* FlixTests.swift */; };
		BF410A0D26FFDFCB00243ADD /* FlixUITests.swift in Sources */ = {isa = PBXBuildFile; fileRef = BF410A0C26FFDFCB00243ADD /* FlixUITests.swift */; };
		BF835BE0270008A700F34D82 /* MoviesViewController.swift in Sources */ = {isa = PBXBuildFile; fileRef = BF835BDF270008A700F34D82 /* MoviesViewController.swift */; };
		BF835BE42702860500F34D82 /* MovieCell.swift in Sources */ = {isa = PBXBuildFile; fileRef = BF835BE32702860500F34D82 /* MovieCell.swift */; };
		BF835BE7270288C500F34D82 /* AlamofireImage in Frameworks */ = {isa = PBXBuildFile; productRef = BF835BE6270288C500F34D82 /* AlamofireImage */; };
		BF986A21270BD5B500FA846C /* MovieDetailViewController.swift in Sources */ = {isa = PBXBuildFile; fileRef = BF986A20270BD5B500FA846C /* MovieDetailViewController.swift */; };
		BF986A23270BE56000FA846C /* MovieGridViewController.swift in Sources */ = {isa = PBXBuildFile; fileRef = BF986A22270BE56000FA846C /* MovieGridViewController.swift */; };
		BF986A25270BE95500FA846C /* MovieGridCell.swift in Sources */ = {isa = PBXBuildFile; fileRef = BF986A24270BE95500FA846C /* MovieGridCell.swift */; };
/* End PBXBuildFile section */

/* Begin PBXContainerItemProxy section */
		BF4109FE26FFDFCB00243ADD /* PBXContainerItemProxy */ = {
			isa = PBXContainerItemProxy;
			containerPortal = BF4109DF26FFDFC500243ADD /* Project object */;
			proxyType = 1;
			remoteGlobalIDString = BF4109E626FFDFC500243ADD;
			remoteInfo = Flix;
		};
		BF410A0926FFDFCB00243ADD /* PBXContainerItemProxy */ = {
			isa = PBXContainerItemProxy;
			containerPortal = BF4109DF26FFDFC500243ADD /* Project object */;
			proxyType = 1;
			remoteGlobalIDString = BF4109E626FFDFC500243ADD;
			remoteInfo = Flix;
		};
/* End PBXContainerItemProxy section */

/* Begin PBXFileReference section */
		0A1BE8AF7148108E6BF2692F /* Pods_Flix.framework */ = {isa = PBXFileReference; explicitFileType = wrapper.framework; includeInIndex = 0; path = Pods_Flix.framework; sourceTree = BUILT_PRODUCTS_DIR; };
		1921DF5A263CF81E1489728A /* Pods-Flix-FlixUITests.release.xcconfig */ = {isa = PBXFileReference; includeInIndex = 1; lastKnownFileType = text.xcconfig; name = "Pods-Flix-FlixUITests.release.xcconfig"; path = "Target Support Files/Pods-Flix-FlixUITests/Pods-Flix-FlixUITests.release.xcconfig"; sourceTree = "<group>"; };
		2A197F3B22D5ED66A29EE883 /* Pods-Flix-FlixUITests.debug.xcconfig */ = {isa = PBXFileReference; includeInIndex = 1; lastKnownFileType = text.xcconfig; name = "Pods-Flix-FlixUITests.debug.xcconfig"; path = "Target Support Files/Pods-Flix-FlixUITests/Pods-Flix-FlixUITests.debug.xcconfig"; sourceTree = "<group>"; };
		564B0C4C523E7654768F74ED /* Pods-FlixTests.release.xcconfig */ = {isa = PBXFileReference; includeInIndex = 1; lastKnownFileType = text.xcconfig; name = "Pods-FlixTests.release.xcconfig"; path = "Target Support Files/Pods-FlixTests/Pods-FlixTests.release.xcconfig"; sourceTree = "<group>"; };
		6D224ABE0AEDBA1A55C85159 /* Pods_FlixTests.framework */ = {isa = PBXFileReference; explicitFileType = wrapper.framework; includeInIndex = 0; path = Pods_FlixTests.framework; sourceTree = BUILT_PRODUCTS_DIR; };
		B44D528981401DBC27FEEB61 /* Pods-Flix.release.xcconfig */ = {isa = PBXFileReference; includeInIndex = 1; lastKnownFileType = text.xcconfig; name = "Pods-Flix.release.xcconfig"; path = "Target Support Files/Pods-Flix/Pods-Flix.release.xcconfig"; sourceTree = "<group>"; };
		BF4109E726FFDFC500243ADD /* Flix.app */ = {isa = PBXFileReference; explicitFileType = wrapper.application; includeInIndex = 0; path = Flix.app; sourceTree = BUILT_PRODUCTS_DIR; };
		BF4109EA26FFDFC500243ADD /* AppDelegate.swift */ = {isa = PBXFileReference; lastKnownFileType = sourcecode.swift; path = AppDelegate.swift; sourceTree = "<group>"; };
		BF4109EC26FFDFC500243ADD /* SceneDelegate.swift */ = {isa = PBXFileReference; lastKnownFileType = sourcecode.swift; path = SceneDelegate.swift; sourceTree = "<group>"; };
		BF4109EE26FFDFC500243ADD /* ViewController.swift */ = {isa = PBXFileReference; lastKnownFileType = sourcecode.swift; path = ViewController.swift; sourceTree = "<group>"; };
		BF4109F126FFDFC500243ADD /* Base */ = {isa = PBXFileReference; lastKnownFileType = file.storyboard; name = Base; path = Base.lproj/Main.storyboard; sourceTree = "<group>"; };
		BF4109F326FFDFCB00243ADD /* Assets.xcassets */ = {isa = PBXFileReference; lastKnownFileType = folder.assetcatalog; path = Assets.xcassets; sourceTree = "<group>"; };
		BF4109F626FFDFCB00243ADD /* Base */ = {isa = PBXFileReference; lastKnownFileType = file.storyboard; name = Base; path = Base.lproj/LaunchScreen.storyboard; sourceTree = "<group>"; };
		BF4109F826FFDFCB00243ADD /* Info.plist */ = {isa = PBXFileReference; lastKnownFileType = text.plist.xml; path = Info.plist; sourceTree = "<group>"; };
		BF4109FD26FFDFCB00243ADD /* FlixTests.xctest */ = {isa = PBXFileReference; explicitFileType = wrapper.cfbundle; includeInIndex = 0; path = FlixTests.xctest; sourceTree = BUILT_PRODUCTS_DIR; };
		BF410A0126FFDFCB00243ADD /* FlixTests.swift */ = {isa = PBXFileReference; lastKnownFileType = sourcecode.swift; path = FlixTests.swift; sourceTree = "<group>"; };
		BF410A0326FFDFCB00243ADD /* Info.plist */ = {isa = PBXFileReference; lastKnownFileType = text.plist.xml; path = Info.plist; sourceTree = "<group>"; };
		BF410A0826FFDFCB00243ADD /* FlixUITests.xctest */ = {isa = PBXFileReference; explicitFileType = wrapper.cfbundle; includeInIndex = 0; path = FlixUITests.xctest; sourceTree = BUILT_PRODUCTS_DIR; };
		BF410A0C26FFDFCB00243ADD /* FlixUITests.swift */ = {isa = PBXFileReference; lastKnownFileType = sourcecode.swift; path = FlixUITests.swift; sourceTree = "<group>"; };
		BF410A0E26FFDFCB00243ADD /* Info.plist */ = {isa = PBXFileReference; lastKnownFileType = text.plist.xml; path = Info.plist; sourceTree = "<group>"; };
		BF835BDF270008A700F34D82 /* MoviesViewController.swift */ = {isa = PBXFileReference; lastKnownFileType = sourcecode.swift; path = MoviesViewController.swift; sourceTree = "<group>"; };
		BF835BE32702860500F34D82 /* MovieCell.swift */ = {isa = PBXFileReference; lastKnownFileType = sourcecode.swift; path = MovieCell.swift; sourceTree = "<group>"; };
		BF986A20270BD5B500FA846C /* MovieDetailViewController.swift */ = {isa = PBXFileReference; lastKnownFileType = sourcecode.swift; path = MovieDetailViewController.swift; sourceTree = "<group>"; };
		BF986A22270BE56000FA846C /* MovieGridViewController.swift */ = {isa = PBXFileReference; lastKnownFileType = sourcecode.swift; path = MovieGridViewController.swift; sourceTree = "<group>"; };
		BF986A24270BE95500FA846C /* MovieGridCell.swift */ = {isa = PBXFileReference; lastKnownFileType = sourcecode.swift; path = MovieGridCell.swift; sourceTree = "<group>"; };
		C3AF7F8249B37790D81EF635 /* Pods_Flix_FlixUITests.framework */ = {isa = PBXFileReference; explicitFileType = wrapper.framework; includeInIndex = 0; path = Pods_Flix_FlixUITests.framework; sourceTree = BUILT_PRODUCTS_DIR; };
		C4F3819A76400089F20A498B /* Pods-Flix.debug.xcconfig */ = {isa = PBXFileReference; includeInIndex = 1; lastKnownFileType = text.xcconfig; name = "Pods-Flix.debug.xcconfig"; path = "Target Support Files/Pods-Flix/Pods-Flix.debug.xcconfig"; sourceTree = "<group>"; };
		E1550497EAEC0241EA35C526 /* Pods-FlixTests.debug.xcconfig */ = {isa = PBXFileReference; includeInIndex = 1; lastKnownFileType = text.xcconfig; name = "Pods-FlixTests.debug.xcconfig"; path = "Target Support Files/Pods-FlixTests/Pods-FlixTests.debug.xcconfig"; sourceTree = "<group>"; };
/* End PBXFileReference section */

/* Begin PBXFrameworksBuildPhase section */
		BF4109E426FFDFC500243ADD /* Frameworks */ = {
			isa = PBXFrameworksBuildPhase;
			buildActionMask = 2147483647;
			files = (
				BF835BE7270288C500F34D82 /* AlamofireImage in Frameworks */,
				00E6ADB18A20CB04B3977D0C /* Pods_Flix.framework in Frameworks */,
			);
			runOnlyForDeploymentPostprocessing = 0;
		};
		BF4109FA26FFDFCB00243ADD /* Frameworks */ = {
			isa = PBXFrameworksBuildPhase;
			buildActionMask = 2147483647;
			files = (
				1738BF7B739A31F6645AC6BB /* Pods_FlixTests.framework in Frameworks */,
			);
			runOnlyForDeploymentPostprocessing = 0;
		};
		BF410A0526FFDFCB00243ADD /* Frameworks */ = {
			isa = PBXFrameworksBuildPhase;
			buildActionMask = 2147483647;
			files = (
				27E3D49AF4E7D50F808EE92B /* Pods_Flix_FlixUITests.framework in Frameworks */,
			);
			runOnlyForDeploymentPostprocessing = 0;
		};
/* End PBXFrameworksBuildPhase section */

/* Begin PBXGroup section */
		6DBDDE1348FF90791597FD14 /* Pods */ = {
			isa = PBXGroup;
			children = (
				C4F3819A76400089F20A498B /* Pods-Flix.debug.xcconfig */,
				B44D528981401DBC27FEEB61 /* Pods-Flix.release.xcconfig */,
				2A197F3B22D5ED66A29EE883 /* Pods-Flix-FlixUITests.debug.xcconfig */,
				1921DF5A263CF81E1489728A /* Pods-Flix-FlixUITests.release.xcconfig */,
				E1550497EAEC0241EA35C526 /* Pods-FlixTests.debug.xcconfig */,
				564B0C4C523E7654768F74ED /* Pods-FlixTests.release.xcconfig */,
			);
			path = Pods;
			sourceTree = "<group>";
		};
		B2A18A060E49EA07ED0A79FF /* Frameworks */ = {
			isa = PBXGroup;
			children = (
				0A1BE8AF7148108E6BF2692F /* Pods_Flix.framework */,
				C3AF7F8249B37790D81EF635 /* Pods_Flix_FlixUITests.framework */,
				6D224ABE0AEDBA1A55C85159 /* Pods_FlixTests.framework */,
			);
			name = Frameworks;
			sourceTree = "<group>";
		};
		BF4109DE26FFDFC500243ADD = {
			isa = PBXGroup;
			children = (
				BF4109E926FFDFC500243ADD /* Flix */,
				BF410A0026FFDFCB00243ADD /* FlixTests */,
				BF410A0B26FFDFCB00243ADD /* FlixUITests */,
				BF4109E826FFDFC500243ADD /* Products */,
				6DBDDE1348FF90791597FD14 /* Pods */,
				B2A18A060E49EA07ED0A79FF /* Frameworks */,
			);
			sourceTree = "<group>";
		};
		BF4109E826FFDFC500243ADD /* Products */ = {
			isa = PBXGroup;
			children = (
				BF4109E726FFDFC500243ADD /* Flix.app */,
				BF4109FD26FFDFCB00243ADD /* FlixTests.xctest */,
				BF410A0826FFDFCB00243ADD /* FlixUITests.xctest */,
			);
			name = Products;
			sourceTree = "<group>";
		};
		BF4109E926FFDFC500243ADD /* Flix */ = {
			isa = PBXGroup;
			children = (
				BF4109EA26FFDFC500243ADD /* AppDelegate.swift */,
				BF4109EC26FFDFC500243ADD /* SceneDelegate.swift */,
				BF4109EE26FFDFC500243ADD /* ViewController.swift */,
				BF4109F026FFDFC500243ADD /* Main.storyboard */,
				BF986A24270BE95500FA846C /* MovieGridCell.swift */,
				BF986A22270BE56000FA846C /* MovieGridViewController.swift */,
				BF835BE32702860500F34D82 /* MovieCell.swift */,
				BF835BDF270008A700F34D82 /* MoviesViewController.swift */,
				BF4109F326FFDFCB00243ADD /* Assets.xcassets */,
				BF4109F526FFDFCB00243ADD /* LaunchScreen.storyboard */,
				BF4109F826FFDFCB00243ADD /* Info.plist */,
				BF986A20270BD5B500FA846C /* MovieDetailViewController.swift */,
			);
			path = Flix;
			sourceTree = "<group>";
		};
		BF410A0026FFDFCB00243ADD /* FlixTests */ = {
			isa = PBXGroup;
			children = (
				BF410A0126FFDFCB00243ADD /* FlixTests.swift */,
				BF410A0326FFDFCB00243ADD /* Info.plist */,
			);
			path = FlixTests;
			sourceTree = "<group>";
		};
		BF410A0B26FFDFCB00243ADD /* FlixUITests */ = {
			isa = PBXGroup;
			children = (
				BF410A0C26FFDFCB00243ADD /* FlixUITests.swift */,
				BF410A0E26FFDFCB00243ADD /* Info.plist */,
			);
			path = FlixUITests;
			sourceTree = "<group>";
		};
/* End PBXGroup section */

/* Begin PBXNativeTarget section */
		BF4109E626FFDFC500243ADD /* Flix */ = {
			isa = PBXNativeTarget;
			buildConfigurationList = BF410A1126FFDFCB00243ADD /* Build configuration list for PBXNativeTarget "Flix" */;
			buildPhases = (
				AAB3F8306B23F51C04D8EC2E /* [CP] Check Pods Manifest.lock */,
				BF4109E326FFDFC500243ADD /* Sources */,
				BF4109E426FFDFC500243ADD /* Frameworks */,
				BF4109E526FFDFC500243ADD /* Resources */,
				BDB9AAD405727E2AEC4D9D5A /* [CP] Embed Pods Frameworks */,
			);
			buildRules = (
			);
			dependencies = (
			);
			name = Flix;
			packageProductDependencies = (
				BF835BE6270288C500F34D82 /* AlamofireImage */,
			);
			productName = Flix;
			productReference = BF4109E726FFDFC500243ADD /* Flix.app */;
			productType = "com.apple.product-type.application";
		};
		BF4109FC26FFDFCB00243ADD /* FlixTests */ = {
			isa = PBXNativeTarget;
			buildConfigurationList = BF410A1426FFDFCB00243ADD /* Build configuration list for PBXNativeTarget "FlixTests" */;
			buildPhases = (
				95844AA9F29A9985CB92138B /* [CP] Check Pods Manifest.lock */,
				BF4109F926FFDFCB00243ADD /* Sources */,
				BF4109FA26FFDFCB00243ADD /* Frameworks */,
				BF4109FB26FFDFCB00243ADD /* Resources */,
			);
			buildRules = (
			);
			dependencies = (
				BF4109FF26FFDFCB00243ADD /* PBXTargetDependency */,
			);
			name = FlixTests;
			productName = FlixTests;
			productReference = BF4109FD26FFDFCB00243ADD /* FlixTests.xctest */;
			productType = "com.apple.product-type.bundle.unit-test";
		};
		BF410A0726FFDFCB00243ADD /* FlixUITests */ = {
			isa = PBXNativeTarget;
			buildConfigurationList = BF410A1726FFDFCB00243ADD /* Build configuration list for PBXNativeTarget "FlixUITests" */;
			buildPhases = (
				5742333366CCFCEB92169C80 /* [CP] Check Pods Manifest.lock */,
				BF410A0426FFDFCB00243ADD /* Sources */,
				BF410A0526FFDFCB00243ADD /* Frameworks */,
				BF410A0626FFDFCB00243ADD /* Resources */,
				FB4B5671C04D6AFF8E67E358 /* [CP] Embed Pods Frameworks */,
			);
			buildRules = (
			);
			dependencies = (
				BF410A0A26FFDFCB00243ADD /* PBXTargetDependency */,
			);
			name = FlixUITests;
			productName = FlixUITests;
			productReference = BF410A0826FFDFCB00243ADD /* FlixUITests.xctest */;
			productType = "com.apple.product-type.bundle.ui-testing";
		};
/* End PBXNativeTarget section */

/* Begin PBXProject section */
		BF4109DF26FFDFC500243ADD /* Project object */ = {
			isa = PBXProject;
			attributes = {
				LastSwiftUpdateCheck = 1250;
				LastUpgradeCheck = 1250;
				TargetAttributes = {
					BF4109E626FFDFC500243ADD = {
						CreatedOnToolsVersion = 12.5.1;
					};
					BF4109FC26FFDFCB00243ADD = {
						CreatedOnToolsVersion = 12.5.1;
						TestTargetID = BF4109E626FFDFC500243ADD;
					};
					BF410A0726FFDFCB00243ADD = {
						CreatedOnToolsVersion = 12.5.1;
						TestTargetID = BF4109E626FFDFC500243ADD;
					};
				};
			};
			buildConfigurationList = BF4109E226FFDFC500243ADD /* Build configuration list for PBXProject "Flix" */;
			compatibilityVersion = "Xcode 9.3";
			developmentRegion = en;
			hasScannedForEncodings = 0;
			knownRegions = (
				en,
				Base,
			);
			mainGroup = BF4109DE26FFDFC500243ADD;
			packageReferences = (
				BF835BE5270288C500F34D82 /* XCRemoteSwiftPackageReference "AlamofireImage" */,
			);
			productRefGroup = BF4109E826FFDFC500243ADD /* Products */;
			projectDirPath = "";
			projectRoot = "";
			targets = (
				BF4109E626FFDFC500243ADD /* Flix */,
				BF4109FC26FFDFCB00243ADD /* FlixTests */,
				BF410A0726FFDFCB00243ADD /* FlixUITests */,
			);
		};
/* End PBXProject section */

/* Begin PBXResourcesBuildPhase section */
		BF4109E526FFDFC500243ADD /* Resources */ = {
			isa = PBXResourcesBuildPhase;
			buildActionMask = 2147483647;
			files = (
				BF4109F726FFDFCB00243ADD /* LaunchScreen.storyboard in Resources */,
				BF4109F426FFDFCB00243ADD /* Assets.xcassets in Resources */,
				BF4109F226FFDFC500243ADD /* Main.storyboard in Resources */,
			);
			runOnlyForDeploymentPostprocessing = 0;
		};
		BF4109FB26FFDFCB00243ADD /* Resources */ = {
			isa = PBXResourcesBuildPhase;
			buildActionMask = 2147483647;
			files = (
			);
			runOnlyForDeploymentPostprocessing = 0;
		};
		BF410A0626FFDFCB00243ADD /* Resources */ = {
			isa = PBXResourcesBuildPhase;
			buildActionMask = 2147483647;
			files = (
			);
			runOnlyForDeploymentPostprocessing = 0;
		};
/* End PBXResourcesBuildPhase section */

/* Begin PBXShellScriptBuildPhase section */
		5742333366CCFCEB92169C80 /* [CP] Check Pods Manifest.lock */ = {
			isa = PBXShellScriptBuildPhase;
			buildActionMask = 2147483647;
			files = (
			);
			inputFileListPaths = (
			);
			inputPaths = (
				"${PODS_PODFILE_DIR_PATH}/Podfile.lock",
				"${PODS_ROOT}/Manifest.lock",
			);
			name = "[CP] Check Pods Manifest.lock";
			outputFileListPaths = (
			);
			outputPaths = (
				"$(DERIVED_FILE_DIR)/Pods-Flix-FlixUITests-checkManifestLockResult.txt",
			);
			runOnlyForDeploymentPostprocessing = 0;
			shellPath = /bin/sh;
			shellScript = "diff \"${PODS_PODFILE_DIR_PATH}/Podfile.lock\" \"${PODS_ROOT}/Manifest.lock\" > /dev/null\nif [ $? != 0 ] ; then\n    # print error to STDERR\n    echo \"error: The sandbox is not in sync with the Podfile.lock. Run 'pod install' or update your CocoaPods installation.\" >&2\n    exit 1\nfi\n# This output is used by Xcode 'outputs' to avoid re-running this script phase.\necho \"SUCCESS\" > \"${SCRIPT_OUTPUT_FILE_0}\"\n";
			showEnvVarsInLog = 0;
		};
		95844AA9F29A9985CB92138B /* [CP] Check Pods Manifest.lock */ = {
			isa = PBXShellScriptBuildPhase;
			buildActionMask = 2147483647;
			files = (
			);
			inputFileListPaths = (
			);
			inputPaths = (
				"${PODS_PODFILE_DIR_PATH}/Podfile.lock",
				"${PODS_ROOT}/Manifest.lock",
			);
			name = "[CP] Check Pods Manifest.lock";
			outputFileListPaths = (
			);
			outputPaths = (
				"$(DERIVED_FILE_DIR)/Pods-FlixTests-checkManifestLockResult.txt",
			);
			runOnlyForDeploymentPostprocessing = 0;
			shellPath = /bin/sh;
			shellScript = "diff \"${PODS_PODFILE_DIR_PATH}/Podfile.lock\" \"${PODS_ROOT}/Manifest.lock\" > /dev/null\nif [ $? != 0 ] ; then\n    # print error to STDERR\n    echo \"error: The sandbox is not in sync with the Podfile.lock. Run 'pod install' or update your CocoaPods installation.\" >&2\n    exit 1\nfi\n# This output is used by Xcode 'outputs' to avoid re-running this script phase.\necho \"SUCCESS\" > \"${SCRIPT_OUTPUT_FILE_0}\"\n";
			showEnvVarsInLog = 0;
		};
		AAB3F8306B23F51C04D8EC2E /* [CP] Check Pods Manifest.lock */ = {
			isa = PBXShellScriptBuildPhase;
			buildActionMask = 2147483647;
			files = (
			);
			inputFileListPaths = (
			);
			inputPaths = (
				"${PODS_PODFILE_DIR_PATH}/Podfile.lock",
				"${PODS_ROOT}/Manifest.lock",
			);
			name = "[CP] Check Pods Manifest.lock";
			outputFileListPaths = (
			);
			outputPaths = (
				"$(DERIVED_FILE_DIR)/Pods-Flix-checkManifestLockResult.txt",
			);
			runOnlyForDeploymentPostprocessing = 0;
			shellPath = /bin/sh;
			shellScript = "diff \"${PODS_PODFILE_DIR_PATH}/Podfile.lock\" \"${PODS_ROOT}/Manifest.lock\" > /dev/null\nif [ $? != 0 ] ; then\n    # print error to STDERR\n    echo \"error: The sandbox is not in sync with the Podfile.lock. Run 'pod install' or update your CocoaPods installation.\" >&2\n    exit 1\nfi\n# This output is used by Xcode 'outputs' to avoid re-running this script phase.\necho \"SUCCESS\" > \"${SCRIPT_OUTPUT_FILE_0}\"\n";
			showEnvVarsInLog = 0;
		};
		BDB9AAD405727E2AEC4D9D5A /* [CP] Embed Pods Frameworks */ = {
			isa = PBXShellScriptBuildPhase;
			buildActionMask = 2147483647;
			files = (
			);
			inputFileListPaths = (
				"${PODS_ROOT}/Target Support Files/Pods-Flix/Pods-Flix-frameworks-${CONFIGURATION}-input-files.xcfilelist",
			);
			name = "[CP] Embed Pods Frameworks";
			outputFileListPaths = (
				"${PODS_ROOT}/Target Support Files/Pods-Flix/Pods-Flix-frameworks-${CONFIGURATION}-output-files.xcfilelist",
			);
			runOnlyForDeploymentPostprocessing = 0;
			shellPath = /bin/sh;
			shellScript = "\"${PODS_ROOT}/Target Support Files/Pods-Flix/Pods-Flix-frameworks.sh\"\n";
			showEnvVarsInLog = 0;
		};
		FB4B5671C04D6AFF8E67E358 /* [CP] Embed Pods Frameworks */ = {
			isa = PBXShellScriptBuildPhase;
			buildActionMask = 2147483647;
			files = (
			);
			inputFileListPaths = (
				"${PODS_ROOT}/Target Support Files/Pods-Flix-FlixUITests/Pods-Flix-FlixUITests-frameworks-${CONFIGURATION}-input-files.xcfilelist",
			);
			name = "[CP] Embed Pods Frameworks";
			outputFileListPaths = (
				"${PODS_ROOT}/Target Support Files/Pods-Flix-FlixUITests/Pods-Flix-FlixUITests-frameworks-${CONFIGURATION}-output-files.xcfilelist",
			);
			runOnlyForDeploymentPostprocessing = 0;
			shellPath = /bin/sh;
			shellScript = "\"${PODS_ROOT}/Target Support Files/Pods-Flix-FlixUITests/Pods-Flix-FlixUITests-frameworks.sh\"\n";
			showEnvVarsInLog = 0;
		};
/* End PBXShellScriptBuildPhase section */

/* Begin PBXSourcesBuildPhase section */
		BF4109E326FFDFC500243ADD /* Sources */ = {
			isa = PBXSourcesBuildPhase;
			buildActionMask = 2147483647;
			files = (
				BF4109EF26FFDFC500243ADD /* ViewController.swift in Sources */,
				BF4109EB26FFDFC500243ADD /* AppDelegate.swift in Sources */,
				BF4109ED26FFDFC500243ADD /* SceneDelegate.swift in Sources */,
				BF986A23270BE56000FA846C /* MovieGridViewController.swift in Sources */,
				BF986A25270BE95500FA846C /* MovieGridCell.swift in Sources */,
				BF835BE42702860500F34D82 /* MovieCell.swift in Sources */,
				BF986A21270BD5B500FA846C /* MovieDetailViewController.swift in Sources */,
				BF835BE0270008A700F34D82 /* MoviesViewController.swift in Sources */,
			);
			runOnlyForDeploymentPostprocessing = 0;
		};
		BF4109F926FFDFCB00243ADD /* Sources */ = {
			isa = PBXSourcesBuildPhase;
			buildActionMask = 2147483647;
			files = (
				BF410A0226FFDFCB00243ADD /* FlixTests.swift in Sources */,
			);
			runOnlyForDeploymentPostprocessing = 0;
		};
		BF410A0426FFDFCB00243ADD /* Sources */ = {
			isa = PBXSourcesBuildPhase;
			buildActionMask = 2147483647;
			files = (
				BF410A0D26FFDFCB00243ADD /* FlixUITests.swift in Sources */,
			);
			runOnlyForDeploymentPostprocessing = 0;
		};
/* End PBXSourcesBuildPhase section */

/* Begin PBXTargetDependency section */
		BF4109FF26FFDFCB00243ADD /* PBXTargetDependency */ = {
			isa = PBXTargetDependency;
			target = BF4109E626FFDFC500243ADD /* Flix */;
			targetProxy = BF4109FE26FFDFCB00243ADD /* PBXContainerItemProxy */;
		};
		BF410A0A26FFDFCB00243ADD /* PBXTargetDependency */ = {
			isa = PBXTargetDependency;
			target = BF4109E626FFDFC500243ADD /* Flix */;
			targetProxy = BF410A0926FFDFCB00243ADD /* PBXContainerItemProxy */;
		};
/* End PBXTargetDependency section */

/* Begin PBXVariantGroup section */
		BF4109F026FFDFC500243ADD /* Main.storyboard */ = {
			isa = PBXVariantGroup;
			children = (
				BF4109F126FFDFC500243ADD /* Base */,
			);
			name = Main.storyboard;
			sourceTree = "<group>";
		};
		BF4109F526FFDFCB00243ADD /* LaunchScreen.storyboard */ = {
			isa = PBXVariantGroup;
			children = (
				BF4109F626FFDFCB00243ADD /* Base */,
			);
			name = LaunchScreen.storyboard;
			sourceTree = "<group>";
		};
/* End PBXVariantGroup section */

/* Begin XCBuildConfiguration section */
		BF410A0F26FFDFCB00243ADD /* Debug */ = {
			isa = XCBuildConfiguration;
			buildSettings = {
				ALWAYS_SEARCH_USER_PATHS = NO;
				CLANG_ANALYZER_NONNULL = YES;
				CLANG_ANALYZER_NUMBER_OBJECT_CONVERSION = YES_AGGRESSIVE;
				CLANG_CXX_LANGUAGE_STANDARD = "gnu++14";
				CLANG_CXX_LIBRARY = "libc++";
				CLANG_ENABLE_MODULES = YES;
				CLANG_ENABLE_OBJC_ARC = YES;
				CLANG_ENABLE_OBJC_WEAK = YES;
				CLANG_WARN_BLOCK_CAPTURE_AUTORELEASING = YES;
				CLANG_WARN_BOOL_CONVERSION = YES;
				CLANG_WARN_COMMA = YES;
				CLANG_WARN_CONSTANT_CONVERSION = YES;
				CLANG_WARN_DEPRECATED_OBJC_IMPLEMENTATIONS = YES;
				CLANG_WARN_DIRECT_OBJC_ISA_USAGE = YES_ERROR;
				CLANG_WARN_DOCUMENTATION_COMMENTS = YES;
				CLANG_WARN_EMPTY_BODY = YES;
				CLANG_WARN_ENUM_CONVERSION = YES;
				CLANG_WARN_INFINITE_RECURSION = YES;
				CLANG_WARN_INT_CONVERSION = YES;
				CLANG_WARN_NON_LITERAL_NULL_CONVERSION = YES;
				CLANG_WARN_OBJC_IMPLICIT_RETAIN_SELF = YES;
				CLANG_WARN_OBJC_LITERAL_CONVERSION = YES;
				CLANG_WARN_OBJC_ROOT_CLASS = YES_ERROR;
				CLANG_WARN_QUOTED_INCLUDE_IN_FRAMEWORK_HEADER = YES;
				CLANG_WARN_RANGE_LOOP_ANALYSIS = YES;
				CLANG_WARN_STRICT_PROTOTYPES = YES;
				CLANG_WARN_SUSPICIOUS_MOVE = YES;
				CLANG_WARN_UNGUARDED_AVAILABILITY = YES_AGGRESSIVE;
				CLANG_WARN_UNREACHABLE_CODE = YES;
				CLANG_WARN__DUPLICATE_METHOD_MATCH = YES;
				COPY_PHASE_STRIP = NO;
				DEBUG_INFORMATION_FORMAT = dwarf;
				ENABLE_STRICT_OBJC_MSGSEND = YES;
				ENABLE_TESTABILITY = YES;
				GCC_C_LANGUAGE_STANDARD = gnu11;
				GCC_DYNAMIC_NO_PIC = NO;
				GCC_NO_COMMON_BLOCKS = YES;
				GCC_OPTIMIZATION_LEVEL = 0;
				GCC_PREPROCESSOR_DEFINITIONS = (
					"DEBUG=1",
					"$(inherited)",
				);
				GCC_WARN_64_TO_32_BIT_CONVERSION = YES;
				GCC_WARN_ABOUT_RETURN_TYPE = YES_ERROR;
				GCC_WARN_UNDECLARED_SELECTOR = YES;
				GCC_WARN_UNINITIALIZED_AUTOS = YES_AGGRESSIVE;
				GCC_WARN_UNUSED_FUNCTION = YES;
				GCC_WARN_UNUSED_VARIABLE = YES;
				IPHONEOS_DEPLOYMENT_TARGET = 14.5;
				MTL_ENABLE_DEBUG_INFO = INCLUDE_SOURCE;
				MTL_FAST_MATH = YES;
				ONLY_ACTIVE_ARCH = YES;
				SDKROOT = iphoneos;
				SWIFT_ACTIVE_COMPILATION_CONDITIONS = DEBUG;
				SWIFT_OPTIMIZATION_LEVEL = "-Onone";
			};
			name = Debug;
		};
		BF410A1026FFDFCB00243ADD /* Release */ = {
			isa = XCBuildConfiguration;
			buildSettings = {
				ALWAYS_SEARCH_USER_PATHS = NO;
				CLANG_ANALYZER_NONNULL = YES;
				CLANG_ANALYZER_NUMBER_OBJECT_CONVERSION = YES_AGGRESSIVE;
				CLANG_CXX_LANGUAGE_STANDARD = "gnu++14";
				CLANG_CXX_LIBRARY = "libc++";
				CLANG_ENABLE_MODULES = YES;
				CLANG_ENABLE_OBJC_ARC = YES;
				CLANG_ENABLE_OBJC_WEAK = YES;
				CLANG_WARN_BLOCK_CAPTURE_AUTORELEASING = YES;
				CLANG_WARN_BOOL_CONVERSION = YES;
				CLANG_WARN_COMMA = YES;
				CLANG_WARN_CONSTANT_CONVERSION = YES;
				CLANG_WARN_DEPRECATED_OBJC_IMPLEMENTATIONS = YES;
				CLANG_WARN_DIRECT_OBJC_ISA_USAGE = YES_ERROR;
				CLANG_WARN_DOCUMENTATION_COMMENTS = YES;
				CLANG_WARN_EMPTY_BODY = YES;
				CLANG_WARN_ENUM_CONVERSION = YES;
				CLANG_WARN_INFINITE_RECURSION = YES;
				CLANG_WARN_INT_CONVERSION = YES;
				CLANG_WARN_NON_LITERAL_NULL_CONVERSION = YES;
				CLANG_WARN_OBJC_IMPLICIT_RETAIN_SELF = YES;
				CLANG_WARN_OBJC_LITERAL_CONVERSION = YES;
				CLANG_WARN_OBJC_ROOT_CLASS = YES_ERROR;
				CLANG_WARN_QUOTED_INCLUDE_IN_FRAMEWORK_HEADER = YES;
				CLANG_WARN_RANGE_LOOP_ANALYSIS = YES;
				CLANG_WARN_STRICT_PROTOTYPES = YES;
				CLANG_WARN_SUSPICIOUS_MOVE = YES;
				CLANG_WARN_UNGUARDED_AVAILABILITY = YES_AGGRESSIVE;
				CLANG_WARN_UNREACHABLE_CODE = YES;
				CLANG_WARN__DUPLICATE_METHOD_MATCH = YES;
				COPY_PHASE_STRIP = NO;
				DEBUG_INFORMATION_FORMAT = "dwarf-with-dsym";
				ENABLE_NS_ASSERTIONS = NO;
				ENABLE_STRICT_OBJC_MSGSEND = YES;
				GCC_C_LANGUAGE_STANDARD = gnu11;
				GCC_NO_COMMON_BLOCKS = YES;
				GCC_WARN_64_TO_32_BIT_CONVERSION = YES;
				GCC_WARN_ABOUT_RETURN_TYPE = YES_ERROR;
				GCC_WARN_UNDECLARED_SELECTOR = YES;
				GCC_WARN_UNINITIALIZED_AUTOS = YES_AGGRESSIVE;
				GCC_WARN_UNUSED_FUNCTION = YES;
				GCC_WARN_UNUSED_VARIABLE = YES;
				IPHONEOS_DEPLOYMENT_TARGET = 14.5;
				MTL_ENABLE_DEBUG_INFO = NO;
				MTL_FAST_MATH = YES;
				SDKROOT = iphoneos;
				SWIFT_COMPILATION_MODE = wholemodule;
				SWIFT_OPTIMIZATION_LEVEL = "-O";
				VALIDATE_PRODUCT = YES;
			};
			name = Release;
		};
		BF410A1226FFDFCB00243ADD /* Debug */ = {
			isa = XCBuildConfiguration;
			baseConfigurationReference = C4F3819A76400089F20A498B /* Pods-Flix.debug.xcconfig */;
			buildSettings = {
				ASSETCATALOG_COMPILER_APPICON_NAME = AppIcon;
				ASSETCATALOG_COMPILER_GLOBAL_ACCENT_COLOR_NAME = AccentColor;
				CODE_SIGN_STYLE = Automatic;
				DEVELOPMENT_TEAM = GZP2CMCCN6;
				INFOPLIST_FILE = Flix/Info.plist;
				LD_RUNPATH_SEARCH_PATHS = (
					"$(inherited)",
					"@executable_path/Frameworks",
				);
				PRODUCT_BUNDLE_IDENTIFIER = com.born4film.Flix;
				PRODUCT_NAME = "$(TARGET_NAME)";
				SWIFT_VERSION = 5.0;
				TARGETED_DEVICE_FAMILY = "1,2";
			};
			name = Debug;
		};
		BF410A1326FFDFCB00243ADD /* Release */ = {
			isa = XCBuildConfiguration;
			baseConfigurationReference = B44D528981401DBC27FEEB61 /* Pods-Flix.release.xcconfig */;
			buildSettings = {
				ASSETCATALOG_COMPILER_APPICON_NAME = AppIcon;
				ASSETCATALOG_COMPILER_GLOBAL_ACCENT_COLOR_NAME = AccentColor;
				CODE_SIGN_STYLE = Automatic;
				DEVELOPMENT_TEAM = GZP2CMCCN6;
				INFOPLIST_FILE = Flix/Info.plist;
				LD_RUNPATH_SEARCH_PATHS = (
					"$(inherited)",
					"@executable_path/Frameworks",
				);
				PRODUCT_BUNDLE_IDENTIFIER = com.born4film.Flix;
				PRODUCT_NAME = "$(TARGET_NAME)";
				SWIFT_VERSION = 5.0;
				TARGETED_DEVICE_FAMILY = "1,2";
			};
			name = Release;
		};
		BF410A1526FFDFCB00243ADD /* Debug */ = {
			isa = XCBuildConfiguration;
			baseConfigurationReference = E1550497EAEC0241EA35C526 /* Pods-FlixTests.debug.xcconfig */;
			buildSettings = {
				ALWAYS_EMBED_SWIFT_STANDARD_LIBRARIES = YES;
				BUNDLE_LOADER = "$(TEST_HOST)";
				CODE_SIGN_STYLE = Automatic;
				INFOPLIST_FILE = FlixTests/Info.plist;
				IPHONEOS_DEPLOYMENT_TARGET = 14.5;
				LD_RUNPATH_SEARCH_PATHS = (
					"$(inherited)",
					"@executable_path/Frameworks",
					"@loader_path/Frameworks",
				);
				PRODUCT_BUNDLE_IDENTIFIER = com.born4film.FlixTests;
				PRODUCT_NAME = "$(TARGET_NAME)";
				SWIFT_VERSION = 5.0;
				TARGETED_DEVICE_FAMILY = "1,2";
				TEST_HOST = "$(BUILT_PRODUCTS_DIR)/Flix.app/Flix";
			};
			name = Debug;
		};
		BF410A1626FFDFCB00243ADD /* Release */ = {
			isa = XCBuildConfiguration;
			baseConfigurationReference = 564B0C4C523E7654768F74ED /* Pods-FlixTests.release.xcconfig */;
			buildSettings = {
				ALWAYS_EMBED_SWIFT_STANDARD_LIBRARIES = YES;
				BUNDLE_LOADER = "$(TEST_HOST)";
				CODE_SIGN_STYLE = Automatic;
				INFOPLIST_FILE = FlixTests/Info.plist;
				IPHONEOS_DEPLOYMENT_TARGET = 14.5;
				LD_RUNPATH_SEARCH_PATHS = (
					"$(inherited)",
					"@executable_path/Frameworks",
					"@loader_path/Frameworks",
				);
				PRODUCT_BUNDLE_IDENTIFIER = com.born4film.FlixTests;
				PRODUCT_NAME = "$(TARGET_NAME)";
				SWIFT_VERSION = 5.0;
				TARGETED_DEVICE_FAMILY = "1,2";
				TEST_HOST = "$(BUILT_PRODUCTS_DIR)/Flix.app/Flix";
			};
			name = Release;
		};
		BF410A1826FFDFCB00243ADD /* Debug */ = {
			isa = XCBuildConfiguration;
			baseConfigurationReference = 2A197F3B22D5ED66A29EE883 /* Pods-Flix-FlixUITests.debug.xcconfig */;
			buildSettings = {
				ALWAYS_EMBED_SWIFT_STANDARD_LIBRARIES = YES;
				CODE_SIGN_STYLE = Automatic;
				INFOPLIST_FILE = FlixUITests/Info.plist;
				LD_RUNPATH_SEARCH_PATHS = (
					"$(inherited)",
					"@executable_path/Frameworks",
					"@loader_path/Frameworks",
				);
				PRODUCT_BUNDLE_IDENTIFIER = com.born4film.FlixUITests;
				PRODUCT_NAME = "$(TARGET_NAME)";
				SWIFT_VERSION = 5.0;
				TARGETED_DEVICE_FAMILY = "1,2";
				TEST_TARGET_NAME = Flix;
			};
			name = Debug;
		};
		BF410A1926FFDFCB00243ADD /* Release */ = {
			isa = XCBuildConfiguration;
			baseConfigurationReference = 1921DF5A263CF81E1489728A /* Pods-Flix-FlixUITests.release.xcconfig */;
			buildSettings = {
				ALWAYS_EMBED_SWIFT_STANDARD_LIBRARIES = YES;
				CODE_SIGN_STYLE = Automatic;
				INFOPLIST_FILE = FlixUITests/Info.plist;
				LD_RUNPATH_SEARCH_PATHS = (
					"$(inherited)",
					"@executable_path/Frameworks",
					"@loader_path/Frameworks",
				);
				PRODUCT_BUNDLE_IDENTIFIER = com.born4film.FlixUITests;
				PRODUCT_NAME = "$(TARGET_NAME)";
				SWIFT_VERSION = 5.0;
				TARGETED_DEVICE_FAMILY = "1,2";
				TEST_TARGET_NAME = Flix;
			};
			name = Release;
		};
/* End XCBuildConfiguration section */

/* Begin XCConfigurationList section */
		BF4109E226FFDFC500243ADD /* Build configuration list for PBXProject "Flix" */ = {
			isa = XCConfigurationList;
			buildConfigurations = (
				BF410A0F26FFDFCB00243ADD /* Debug */,
				BF410A1026FFDFCB00243ADD /* Release */,
			);
			defaultConfigurationIsVisible = 0;
			defaultConfigurationName = Release;
		};
		BF410A1126FFDFCB00243ADD /* Build configuration list for PBXNativeTarget "Flix" */ = {
			isa = XCConfigurationList;
			buildConfigurations = (
				BF410A1226FFDFCB00243ADD /* Debug */,
				BF410A1326FFDFCB00243ADD /* Release */,
			);
			defaultConfigurationIsVisible = 0;
			defaultConfigurationName = Release;
		};
		BF410A1426FFDFCB00243ADD /* Build configuration list for PBXNativeTarget "FlixTests" */ = {
			isa = XCConfigurationList;
			buildConfigurations = (
				BF410A1526FFDFCB00243ADD /* Debug */,
				BF410A1626FFDFCB00243ADD /* Release */,
			);
			defaultConfigurationIsVisible = 0;
			defaultConfigurationName = Release;
		};
		BF410A1726FFDFCB00243ADD /* Build configuration list for PBXNativeTarget "FlixUITests" */ = {
			isa = XCConfigurationList;
			buildConfigurations = (
				BF410A1826FFDFCB00243ADD /* Debug */,
				BF410A1926FFDFCB00243ADD /* Release */,
			);
			defaultConfigurationIsVisible = 0;
			defaultConfigurationName = Release;
		};
/* End XCConfigurationList section */

/* Begin XCRemoteSwiftPackageReference section */
		BF835BE5270288C500F34D82 /* XCRemoteSwiftPackageReference "AlamofireImage" */ = {
			isa = XCRemoteSwiftPackageReference;
			repositoryURL = "https://github.com/Alamofire/AlamofireImage";
			requirement = {
				kind = upToNextMajorVersion;
				minimumVersion = 4.0.0;
			};
		};
/* End XCRemoteSwiftPackageReference section */

/* Begin XCSwiftPackageProductDependency section */
		BF835BE6270288C500F34D82 /* AlamofireImage */ = {
			isa = XCSwiftPackageProductDependency;
			package = BF835BE5270288C500F34D82 /* XCRemoteSwiftPackageReference "AlamofireImage" */;
			productName = AlamofireImage;
		};
/* End XCSwiftPackageProductDependency section */
	};
	rootObject = BF4109DF26FFDFC500243ADD /* Project object */;
}
